
Microsoft Visual Studio Solution File, Format Version 12.00
# Visual Studio Version 17
VisualStudioVersion = 17.11.35312.102
MinimumVisualStudioVersion = 10.0.40219.1
Project("{FAE04EC0-301F-11D3-BF4B-00C04F79EFBC}") = "Lection", "Lection.csproj", "{6F4F32B9-EB9B-4172-AE6E-A552397203D1}"
EndProject
Global
	GlobalSection(SolutionConfigurationPlatforms) = preSolution
		Debug|Any CPU = Debug|Any CPU
		Release|Any CPU = Release|Any CPU
	EndGlobalSection
	GlobalSection(ProjectConfigurationPlatforms) = postSolution
		{6F4F32B9-EB9B-4172-AE6E-A552397203D1}.Debug|Any CPU.ActiveCfg = Debug|Any CPU
		{6F4F32B9-EB9B-4172-AE6E-A552397203D1}.Debug|Any CPU.Build.0 = Debug|Any CPU
		{6F4F32B9-EB9B-4172-AE6E-A552397203D1}.Release|Any CPU.ActiveCfg = Release|Any CPU
		{6F4F32B9-EB9B-4172-AE6E-A552397203D1}.Release|Any CPU.Build.0 = Release|Any CPU
	EndGlobalSection
	GlobalSection(SolutionProperties) = preSolution
		HideSolutionNode = FALSE
	EndGlobalSection
	GlobalSection(ExtensibilityGlobals) = postSolution
		SolutionGuid = {C991E703-D019-44C9-B0B6-CE6C2D97BEE9}
	EndGlobalSection
EndGlobal
